
Microsoft Visual Studio Solution File, Format Version 12.00
# Visual Studio Version 17
VisualStudioVersion = 17.5.33414.496
MinimumVisualStudioVersion = 10.0.40219.1
Project("{FAE04EC0-301F-11D3-BF4B-00C04F79EFBC}") = "task_41", "task_41\task_41.csproj", "{2A995653-7059-4DEF-B050-C3298ED0D87A}"
EndProject
Project("{FAE04EC0-301F-11D3-BF4B-00C04F79EFBC}") = "task_from_the_teacher", "task_from_the_teacher\task_from_the_teacher.csproj", "{65A829F1-E8E4-4244-908D-1A6606C75186}"
EndProject
Project("{FAE04EC0-301F-11D3-BF4B-00C04F79EFBC}") = "task_43", "task_43\task_43.csproj", "{86394B93-7435-4CD9-860E-CCBB768DFEB7}"
EndProject
Global
	GlobalSection(SolutionConfigurationPlatforms) = preSolution
		Debug|Any CPU = Debug|Any CPU
		Release|Any CPU = Release|Any CPU
	EndGlobalSection
	GlobalSection(ProjectConfigurationPlatforms) = postSolution
		{2A995653-7059-4DEF-B050-C3298ED0D87A}.Debug|Any CPU.ActiveCfg = Debug|Any CPU
		{2A995653-7059-4DEF-B050-C3298ED0D87A}.Debug|Any CPU.Build.0 = Debug|Any CPU
		{2A995653-7059-4DEF-B050-C3298ED0D87A}.Release|Any CPU.ActiveCfg = Release|Any CPU
		{2A995653-7059-4DEF-B050-C3298ED0D87A}.Release|Any CPU.Build.0 = Release|Any CPU
		{65A829F1-E8E4-4244-908D-1A6606C75186}.Debug|Any CPU.ActiveCfg = Debug|Any CPU
		{65A829F1-E8E4-4244-908D-1A6606C75186}.Debug|Any CPU.Build.0 = Debug|Any CPU
		{65A829F1-E8E4-4244-908D-1A6606C75186}.Release|Any CPU.ActiveCfg = Release|Any CPU
		{65A829F1-E8E4-4244-908D-1A6606C75186}.Release|Any CPU.Build.0 = Release|Any CPU
		{86394B93-7435-4CD9-860E-CCBB768DFEB7}.Debug|Any CPU.ActiveCfg = Debug|Any CPU
		{86394B93-7435-4CD9-860E-CCBB768DFEB7}.Debug|Any CPU.Build.0 = Debug|Any CPU
		{86394B93-7435-4CD9-860E-CCBB768DFEB7}.Release|Any CPU.ActiveCfg = Release|Any CPU
		{86394B93-7435-4CD9-860E-CCBB768DFEB7}.Release|Any CPU.Build.0 = Release|Any CPU
	EndGlobalSection
	GlobalSection(SolutionProperties) = preSolution
		HideSolutionNode = FALSE
	EndGlobalSection
	GlobalSection(ExtensibilityGlobals) = postSolution
		SolutionGuid = {C2954096-2D8F-4118-9008-CA8BBA8AC81E}
	EndGlobalSection
EndGlobal
